Microsoft Visual Studio Solution File, Format Version 12.00
# Visual Studio Version 17
VisualStudioVersion = 17.5.2.0
MinimumVisualStudioVersion = 10.0.40219.1
Project("{FAE04EC0-301F-11D3-BF4B-00C04F79EFBC}") = "Gaussi", "Gaussi.csproj", "{01F407BC-8043-B8F9-1468-032BB701E228}"
EndProject
Global
	GlobalSection(SolutionConfigurationPlatforms) = preSolution
		Debug|Any CPU = Debug|Any CPU
		Release|Any CPU = Release|Any CPU
	EndGlobalSection
	GlobalSection(ProjectConfigurationPlatforms) = postSolution
		{01F407BC-8043-B8F9-1468-032BB701E228}.Debug|Any CPU.ActiveCfg = Debug|Any CPU
		{01F407BC-8043-B8F9-1468-032BB701E228}.Debug|Any CPU.Build.0 = Debug|Any CPU
		{01F407BC-8043-B8F9-1468-032BB701E228}.Release|Any CPU.ActiveCfg = Release|Any CPU
		{01F407BC-8043-B8F9-1468-032BB701E228}.Release|Any CPU.Build.0 = Release|Any CPU
	EndGlobalSection
	GlobalSection(SolutionProperties) = preSolution
		HideSolutionNode = FALSE
	EndGlobalSection
	GlobalSection(ExtensibilityGlobals) = postSolution
		SolutionGuid = {D22CBD7F-D35A-4B67-9470-993279220213}
	EndGlobalSection
EndGlobal
